# This file is autogenerated, do not edit; changes may be undone by the next 'dep ensure'.


[[projects]]
  branch = "master"
  name = "github.com/AllenDang/w32"
  packages = ["."]
  revision = "9a4ee0f7d224efbff75947fa7060daadccc4741c"

[[projects]]
  name = "github.com/aws/aws-sdk-go"
  packages = ["aws","aws/awserr","aws/awsutil","aws/client","aws/client/metadata","aws/corehandlers","aws/credentials","aws/credentials/ec2rolecreds","aws/credentials/endpointcreds","aws/credentials/stscreds","aws/defaults","aws/ec2metadata","aws/endpoints","aws/request","aws/session","aws/signer/v4","internal/shareddefaults","private/protocol","private/protocol/query","private/protocol/query/queryutil","private/protocol/rest","private/protocol/restxml","private/protocol/xml/xmlutil","service/s3","service/sts"]
  revision = "25ef42b41b82230caae56ab23d872c81fb5c0eae"
  version = "v1.12.46"

[[projects]]
  name = "github.com/go-ini/ini"
  packages = ["."]
  revision = "32e4c1e6bc4e7d0d8451aa6b75200d19e37a536a"
  version = "v1.32.0"

[[projects]]
  branch = "master"
  name = "github.com/jehiah/go-strftime"
  packages = ["."]
  revision = "1d33003b386959af197ba96475f198c114627b5e"

[[projects]]
  name = "github.com/jmespath/go-jmespath"
  packages = ["."]
  revision = "0b12d6b5"

[[projects]]
  branch = "master"
  name = "github.com/koofr/go-cryptoutils"
  packages = ["bettermd5"]
  revision = "fe224388747f833c92925c933f6e3dbf2765e983"

[[projects]]
  branch = "master"
  name = "github.com/koofr/go-ioutils"
  packages = ["."]
  revision = "2135a71116c3b6b9da6d6e61f927c4f6bfe1f21a"

[[projects]]
  branch = "master"
  name = "github.com/koofr/goevent"
  packages = ["."]
  revision = "2785514d88a4205def75b32ceaf294a12f3a53d0"

[[projects]]
  branch = "master"
  name = "github.com/koofr/graval"
  packages = ["."]
  revision = "a47c49a8a5296683e067c30b0ab3d08f783ef3eb"

[[projects]]
  branch = "master"
  name = "github.com/koofr/pb"
  packages = ["."]
  revision = "0ccf57bef0b6c360429c6a1ac97b20a3088024e6"

[[projects]]
  branch = "master"
  name = "github.com/matiaskorhonen/ftp2s3"
  packages = ["s3driver"]
  revision = "dc49395d2d65e8551a1f5884660e5753f14487b9"
  source = "github.com/gebv/ftp2s3-1"

[[projects]]
  name = "github.com/namsral/flag"
  packages = ["."]
  revision = "71ceffbeb0ba60fccc853971bb3ed4d7d90bfd04"
  version = "v1.7.4-pre"

[solve-meta]
  analyzer-name = "dep"
  analyzer-version = 1
  inputs-digest = "3f12869a67830eab76c23909d13e242f95d49fe9e9e5abf4f9b4fe85fc3445ac"
  solver-name = "gps-cdcl"
  solver-version = 1
